{
  "name": "app-myhome",
  "lockfileVersion": 3,
  "requires": true,
  "packages": {
    "": {
      "dependencies": {
        "vue2-touch-events": "^3.2.3"
      }
    },
    "node_modules/vue2-touch-events": {
      "version": "3.2.3",
      "resolved": "https://registry.npmjs.org/vue2-touch-events/-/vue2-touch-events-3.2.3.tgz",
      "integrity": "sha512-WgVK0g3rgMuIh8s3WXJlR7jHEmHGpduwRvhSbCfgiN43wqBoHBJNk6oAeL+8FLz7wZVKAxl61RvJHJ4JvgFEfw==",
      "license": "MIT"
    }
  }
}
